// !$*UTF8*$!
{
	archiveVersion = 1;
	classes = {
	};
	objectVersion = 46;
	objects = {

/* Begin PBXBuildFile section */
		5FD76A541E0E467C00BC9FBC /* AppDelegate.swift in Sources */ = {isa = PBXBuildFile; fileRef = 5FD76A531E0E467C00BC9FBC /* AppDelegate.swift */; };
		5FD76A591E0E467C00BC9FBC /* Main.storyboard in Resources */ = {isa = PBXBuildFile; fileRef = 5FD76A571E0E467C00BC9FBC /* Main.storyboard */; };
		5FD76A5B1E0E467C00BC9FBC /* Assets.xcassets in Resources */ = {isa = PBXBuildFile; fileRef = 5FD76A5A1E0E467C00BC9FBC /* Assets.xcassets */; };
		5FD76A5E1E0E467C00BC9FBC /* LaunchScreen.storyboard in Resources */ = {isa = PBXBuildFile; fileRef = 5FD76A5C1E0E467C00BC9FBC /* LaunchScreen.storyboard */; };
		5FD76A691E0E467C00BC9FBC /* DouYuZBTests.swift in Sources */ = {isa = PBXBuildFile; fileRef = 5FD76A681E0E467C00BC9FBC /* DouYuZBTests.swift */; };
		5FD76A741E0E467C00BC9FBC /* DouYuZBUITests.swift in Sources */ = {isa = PBXBuildFile; fileRef = 5FD76A731E0E467C00BC9FBC /* DouYuZBUITests.swift */; };
		5FD76A9E1E0E588100BC9FBC /* MainViewController.swift in Sources */ = {isa = PBXBuildFile; fileRef = 5FD76A9B1E0E588100BC9FBC /* MainViewController.swift */; };
		5FD76AAF1E0E5CEB00BC9FBC /* Home.storyboard in Resources */ = {isa = PBXBuildFile; fileRef = 5FD76AAD1E0E5CEB00BC9FBC /* Home.storyboard */; };
		5FD76AB21E0E5D1000BC9FBC /* Live.storyboard in Resources */ = {isa = PBXBuildFile; fileRef = 5FD76AB01E0E5D1000BC9FBC /* Live.storyboard */; };
		5FD76AB71E0E5D3200BC9FBC /* Profile.storyboard in Resources */ = {isa = PBXBuildFile; fileRef = 5FD76AB51E0E5D3200BC9FBC /* Profile.storyboard */; };
		5FD76ABC1E0E5E1000BC9FBC /* Follow.storyboard in Resources */ = {isa = PBXBuildFile; fileRef = 5FD76ABB1E0E5E1000BC9FBC /* Follow.storyboard */; };
		5FD76ABE1E0E5E5100BC9FBC /* HomeViewController.swift in Sources */ = {isa = PBXBuildFile; fileRef = 5FD76ABD1E0E5E5100BC9FBC /* HomeViewController.swift */; };
		5FD76AC11E0E65CC00BC9FBC /* UIBarButtonItem-Extension.swift in Sources */ = {isa = PBXBuildFile; fileRef = 5FD76AC01E0E65CC00BC9FBC /* UIBarButtonItem-Extension.swift */; };
		5FD76AC31E0E7F5100BC9FBC /* PageTitleView.swift in Sources */ = {isa = PBXBuildFile; fileRef = 5FD76AC21E0E7F5100BC9FBC /* PageTitleView.swift */; };
		5FD76AC51E0E812D00BC9FBC /* Common.swift in Sources */ = {isa = PBXBuildFile; fileRef = 5FD76AC41E0E812D00BC9FBC /* Common.swift */; };
/* End PBXBuildFile section */

/* Begin PBXContainerItemProxy section */
		5FD76A651E0E467C00BC9FBC /* PBXContainerItemProxy */ = {
			isa = PBXContainerItemProxy;
			containerPortal = 5FD76A481E0E467C00BC9FBC /* Project object */;
			proxyType = 1;
			remoteGlobalIDString = 5FD76A4F1E0E467C00BC9FBC;
			remoteInfo = DouYuZB;
		};
		5FD76A701E0E467C00BC9FBC /* PBXContainerItemProxy */ = {
			isa = PBXContainerItemProxy;
			containerPortal = 5FD76A481E0E467C00BC9FBC /* Project object */;
			proxyType = 1;
			remoteGlobalIDString = 5FD76A4F1E0E467C00BC9FBC;
			remoteInfo = DouYuZB;
		};
/* End PBXContainerItemProxy section */

/* Begin PBXFileReference section */
		5FD76A501E0E467C00BC9FBC /* DouYuZB.app */ = {isa = PBXFileReference; explicitFileType = wrapper.application; includeInIndex = 0; path = DouYuZB.app; sourceTree = BUILT_PRODUCTS_DIR; };
		5FD76A531E0E467C00BC9FBC /* AppDelegate.swift */ = {isa = PBXFileReference; lastKnownFileType = sourcecode.swift; path = AppDelegate.swift; sourceTree = "<group>"; };
		5FD76A581E0E467C00BC9FBC /* Base */ = {isa = PBXFileReference; lastKnownFileType = file.storyboard; name = Base; path = Base.lproj/Main.storyboard; sourceTree = "<group>"; };
		5FD76A5A1E0E467C00BC9FBC /* Assets.xcassets */ = {isa = PBXFileReference; lastKnownFileType = folder.assetcatalog; path = Assets.xcassets; sourceTree = "<group>"; };
		5FD76A5D1E0E467C00BC9FBC /* Base */ = {isa = PBXFileReference; lastKnownFileType = file.storyboard; name = Base; path = Base.lproj/LaunchScreen.storyboard; sourceTree = "<group>"; };
		5FD76A5F1E0E467C00BC9FBC /* Info.plist */ = {isa = PBXFileReference; lastKnownFileType = text.plist.xml; path = Info.plist; sourceTree = "<group>"; };
		5FD76A641E0E467C00BC9FBC /* DouYuZBTests.xctest */ = {isa = PBXFileReference; explicitFileType = wrapper.cfbundle; includeInIndex = 0; path = DouYuZBTests.xctest; sourceTree = BUILT_PRODUCTS_DIR; };
		5FD76A681E0E467C00BC9FBC /* DouYuZBTests.swift */ = {isa = PBXFileReference; lastKnownFileType = sourcecode.swift; path = DouYuZBTests.swift; sourceTree = "<group>"; };
		5FD76A6A1E0E467C00BC9FBC /* Info.plist */ = {isa = PBXFileReference; lastKnownFileType = text.plist.xml; path = Info.plist; sourceTree = "<group>"; };
		5FD76A6F1E0E467C00BC9FBC /* DouYuZBUITests.xctest */ = {isa = PBXFileReference; explicitFileType = wrapper.cfbundle; includeInIndex = 0; path = DouYuZBUITests.xctest; sourceTree = BUILT_PRODUCTS_DIR; };
		5FD76A731E0E467C00BC9FBC /* DouYuZBUITests.swift */ = {isa = PBXFileReference; lastKnownFileType = sourcecode.swift; path = DouYuZBUITests.swift; sourceTree = "<group>"; };
		5FD76A751E0E467C00BC9FBC /* Info.plist */ = {isa = PBXFileReference; lastKnownFileType = text.plist.xml; path = Info.plist; sourceTree = "<group>"; };
		5FD76A9B1E0E588100BC9FBC /* MainViewController.swift */ = {isa = PBXFileReference; fileEncoding = 4; lastKnownFileType = sourcecode.swift; path = MainViewController.swift; sourceTree = "<group>"; };
		5FD76AAE1E0E5CEB00BC9FBC /* Base */ = {isa = PBXFileReference; lastKnownFileType = file.storyboard; name = Base; path = DouYuZB/Base.lproj/Home.storyboard; sourceTree = SOURCE_ROOT; };
		5FD76AB11E0E5D1000BC9FBC /* Base */ = {isa = PBXFileReference; lastKnownFileType = file.storyboard; name = Base; path = DouYuZB/Base.lproj/Live.storyboard; sourceTree = SOURCE_ROOT; };
		5FD76AB61E0E5D3200BC9FBC /* Base */ = {isa = PBXFileReference; lastKnownFileType = file.storyboard; name = Base; path = DouYuZB/Base.lproj/Profile.storyboard; sourceTree = SOURCE_ROOT; };
		5FD76ABB1E0E5E1000BC9FBC /* Follow.storyboard */ = {isa = PBXFileReference; fileEncoding = 4; lastKnownFileType = file.storyboard; path = Follow.storyboard; sourceTree = "<group>"; };
		5FD76ABD1E0E5E5100BC9FBC /* HomeViewController.swift */ = {isa = PBXFileReference; fileEncoding = 4; lastKnownFileType = sourcecode.swift; path = HomeViewController.swift; sourceTree = "<group>"; };
		5FD76AC01E0E65CC00BC9FBC /* UIBarButtonItem-Extension.swift */ = {isa = PBXFileReference; fileEncoding = 4; lastKnownFileType = sourcecode.swift; path = "UIBarButtonItem-Extension.swift"; sourceTree = "<group>"; };
		5FD76AC21E0E7F5100BC9FBC /* PageTitleView.swift */ = {isa = PBXFileReference; fileEncoding = 4; lastKnownFileType = sourcecode.swift; path = PageTitleView.swift; sourceTree = "<group>"; };
		5FD76AC41E0E812D00BC9FBC /* Common.swift */ = {isa = PBXFileReference; fileEncoding = 4; lastKnownFileType = sourcecode.swift; path = Common.swift; sourceTree = "<group>"; };
/* End PBXFileReference section */

/* Begin PBXFrameworksBuildPhase section */
		5FD76A4D1E0E467C00BC9FBC /* Frameworks */ = {
			isa = PBXFrameworksBuildPhase;
			buildActionMask = 2147483647;
			files = (
			);
			runOnlyForDeploymentPostprocessing = 0;
		};
		5FD76A611E0E467C00BC9FBC /* Frameworks */ = {
			isa = PBXFrameworksBuildPhase;
			buildActionMask = 2147483647;
			files = (
			);
			runOnlyForDeploymentPostprocessing = 0;
		};
		5FD76A6C1E0E467C00BC9FBC /* Frameworks */ = {
			isa = PBXFrameworksBuildPhase;
			buildActionMask = 2147483647;
			files = (
			);
			runOnlyForDeploymentPostprocessing = 0;
		};
/* End PBXFrameworksBuildPhase section */

/* Begin PBXGroup section */
		5FD76A471E0E467C00BC9FBC = {
			isa = PBXGroup;
			children = (
				5FD76A521E0E467C00BC9FBC /* DouYuZB */,
				5FD76A671E0E467C00BC9FBC /* DouYuZBTests */,
				5FD76A721E0E467C00BC9FBC /* DouYuZBUITests */,
				5FD76A511E0E467C00BC9FBC /* Products */,
			);
			sourceTree = "<group>";
		};
		5FD76A511E0E467C00BC9FBC /* Products */ = {
			isa = PBXGroup;
			children = (
				5FD76A501E0E467C00BC9FBC /* DouYuZB.app */,
				5FD76A641E0E467C00BC9FBC /* DouYuZBTests.xctest */,
				5FD76A6F1E0E467C00BC9FBC /* DouYuZBUITests.xctest */,
			);
			name = Products;
			sourceTree = "<group>";
		};
		5FD76A521E0E467C00BC9FBC /* DouYuZB */ = {
			isa = PBXGroup;
			children = (
				5FD76A811E0E46E500BC9FBC /* Classes */,
				5FD76A531E0E467C00BC9FBC /* AppDelegate.swift */,
				5FD76A5A1E0E467C00BC9FBC /* Assets.xcassets */,
				5FD76A5C1E0E467C00BC9FBC /* LaunchScreen.storyboard */,
				5FD76A5F1E0E467C00BC9FBC /* Info.plist */,
			);
			path = DouYuZB;
			sourceTree = "<group>";
		};
		5FD76A671E0E467C00BC9FBC /* DouYuZBTests */ = {
			isa = PBXGroup;
			children = (
				5FD76A681E0E467C00BC9FBC /* DouYuZBTests.swift */,
				5FD76A6A1E0E467C00BC9FBC /* Info.plist */,
			);
			path = DouYuZBTests;
			sourceTree = "<group>";
		};
		5FD76A721E0E467C00BC9FBC /* DouYuZBUITests */ = {
			isa = PBXGroup;
			children = (
				5FD76A731E0E467C00BC9FBC /* DouYuZBUITests.swift */,
				5FD76A751E0E467C00BC9FBC /* Info.plist */,
			);
			path = DouYuZBUITests;
			sourceTree = "<group>";
		};
		5FD76A811E0E46E500BC9FBC /* Classes */ = {
			isa = PBXGroup;
			children = (
				5FD76A851E0E46E500BC9FBC /* Main */,
				5FD76A831E0E46E500BC9FBC /* Home */,
				5FD76A841E0E46E500BC9FBC /* Live */,
				5FD76A821E0E46E500BC9FBC /* Follow */,
				5FD76A861E0E46E500BC9FBC /* Profile */,
				5FD76A871E0E46E500BC9FBC /* Tools */,
			);
			path = Classes;
			sourceTree = "<group>";
		};
		5FD76A821E0E46E500BC9FBC /* Follow */ = {
			isa = PBXGroup;
			children = (
				5FD76AA11E0E58F500BC9FBC /* Controller */,
				5FD76AA31E0E58F500BC9FBC /* Model */,
				5FD76AA41E0E58F500BC9FBC /* View */,
			);
			path = Follow;
			sourceTree = "<group>";
		};
		5FD76A831E0E46E500BC9FBC /* Home */ = {
			isa = PBXGroup;
			children = (
				5FD76A971E0E57A200BC9FBC /* Controller */,
				5FD76A981E0E57A200BC9FBC /* Model */,
				5FD76A991E0E57A200BC9FBC /* View */,
			);
			path = Home;
			sourceTree = "<group>";
		};
		5FD76A841E0E46E500BC9FBC /* Live */ = {
			isa = PBXGroup;
			children = (
				5FD76AAA1E0E5B1D00BC9FBC /* Controller */,
				5FD76AAB1E0E5B1D00BC9FBC /* Model */,
				5FD76AAC1E0E5B1D00BC9FBC /* View */,
			);
			path = Live;
			sourceTree = "<group>";
		};
		5FD76A851E0E46E500BC9FBC /* Main */ = {
			isa = PBXGroup;
			children = (
				5FD76A9A1E0E588100BC9FBC /* Controller */,
				5FD76A9C1E0E588100BC9FBC /* Model */,
				5FD76A9D1E0E588100BC9FBC /* View */,
			);
			path = Main;
			sourceTree = "<group>";
		};
		5FD76A861E0E46E500BC9FBC /* Profile */ = {
			isa = PBXGroup;
			children = (
				5FD76AB81E0E5D5400BC9FBC /* Controller */,
				5FD76AB91E0E5D5400BC9FBC /* Model */,
				5FD76ABA1E0E5D5400BC9FBC /* View */,
			);
			path = Profile;
			sourceTree = "<group>";
		};
		5FD76A871E0E46E500BC9FBC /* Tools */ = {
			isa = PBXGroup;
			children = (
				5FD76ABF1E0E655E00BC9FBC /* Extension */,
				5FD76AC41E0E812D00BC9FBC /* Common.swift */,
			);
			path = Tools;
			sourceTree = "<group>";
		};
		5FD76A971E0E57A200BC9FBC /* Controller */ = {
			isa = PBXGroup;
			children = (
				5FD76AAD1E0E5CEB00BC9FBC /* Home.storyboard */,
				5FD76ABD1E0E5E5100BC9FBC /* HomeViewController.swift */,
			);
			path = Controller;
			sourceTree = "<group>";
		};
		5FD76A981E0E57A200BC9FBC /* Model */ = {
			isa = PBXGroup;
			children = (
			);
			path = Model;
			sourceTree = "<group>";
		};
		5FD76A991E0E57A200BC9FBC /* View */ = {
			isa = PBXGroup;
			children = (
			);
			path = View;
			sourceTree = "<group>";
		};
		5FD76A9A1E0E588100BC9FBC /* Controller */ = {
			isa = PBXGroup;
			children = (
				5FD76A571E0E467C00BC9FBC /* Main.storyboard */,
				5FD76A9B1E0E588100BC9FBC /* MainViewController.swift */,
			);
			path = Controller;
			sourceTree = "<group>";
		};
		5FD76A9C1E0E588100BC9FBC /* Model */ = {
			isa = PBXGroup;
			children = (
			);
			path = Model;
			sourceTree = "<group>";
		};
		5FD76A9D1E0E588100BC9FBC /* View */ = {
			isa = PBXGroup;
			children = (
				5FD76AC21E0E7F5100BC9FBC /* PageTitleView.swift */,
			);
			path = View;
			sourceTree = "<group>";
		};
		5FD76AA11E0E58F500BC9FBC /* Controller */ = {
			isa = PBXGroup;
			children = (
				5FD76ABB1E0E5E1000BC9FBC /* Follow.storyboard */,
			);
			path = Controller;
			sourceTree = "<group>";
		};
		5FD76AA31E0E58F500BC9FBC /* Model */ = {
			isa = PBXGroup;
			children = (
			);
			path = Model;
			sourceTree = "<group>";
		};
		5FD76AA41E0E58F500BC9FBC /* View */ = {
			isa = PBXGroup;
			children = (
			);
			path = View;
			sourceTree = "<group>";
		};
		5FD76AAA1E0E5B1D00BC9FBC /* Controller */ = {
			isa = PBXGroup;
			children = (
				5FD76AB01E0E5D1000BC9FBC /* Live.storyboard */,
			);
			path = Controller;
			sourceTree = "<group>";
		};
		5FD76AAB1E0E5B1D00BC9FBC /* Model */ = {
			isa = PBXGroup;
			children = (
			);
			path = Model;
			sourceTree = "<group>";
		};
		5FD76AAC1E0E5B1D00BC9FBC /* View */ = {
			isa = PBXGroup;
			children = (
			);
			path = View;
			sourceTree = "<group>";
		};
		5FD76AB81E0E5D5400BC9FBC /* Controller */ = {
			isa = PBXGroup;
			children = (
				5FD76AB51E0E5D3200BC9FBC /* Profile.storyboard */,
			);
			path = Controller;
			sourceTree = "<group>";
		};
		5FD76AB91E0E5D5400BC9FBC /* Model */ = {
			isa = PBXGroup;
			children = (
			);
			path = Model;
			sourceTree = "<group>";
		};
		5FD76ABA1E0E5D5400BC9FBC /* View */ = {
			isa = PBXGroup;
			children = (
			);
			path = View;
			sourceTree = "<group>";
		};
		5FD76ABF1E0E655E00BC9FBC /* Extension */ = {
			isa = PBXGroup;
			children = (
				5FD76AC01E0E65CC00BC9FBC /* UIBarButtonItem-Extension.swift */,
			);
			path = Extension;
			sourceTree = "<group>";
		};
/* End PBXGroup section */

/* Begin PBXNativeTarget section */
		5FD76A4F1E0E467C00BC9FBC /* DouYuZB */ = {
			isa = PBXNativeTarget;
			buildConfigurationList = 5FD76A781E0E467C00BC9FBC /* Build configuration list for PBXNativeTarget "DouYuZB" */;
			buildPhases = (
				5FD76A4C1E0E467C00BC9FBC /* Sources */,
				5FD76A4D1E0E467C00BC9FBC /* Frameworks */,
				5FD76A4E1E0E467C00BC9FBC /* Resources */,
			);
			buildRules = (
			);
			dependencies = (
			);
			name = DouYuZB;
			productName = DouYuZB;
			productReference = 5FD76A501E0E467C00BC9FBC /* DouYuZB.app */;
			productType = "com.apple.product-type.application";
		};
		5FD76A631E0E467C00BC9FBC /* DouYuZBTests */ = {
			isa = PBXNativeTarget;
			buildConfigurationList = 5FD76A7B1E0E467C00BC9FBC /* Build configuration list for PBXNativeTarget "DouYuZBTests" */;
			buildPhases = (
				5FD76A601E0E467C00BC9FBC /* Sources */,
				5FD76A611E0E467C00BC9FBC /* Frameworks */,
				5FD76A621E0E467C00BC9FBC /* Resources */,
			);
			buildRules = (
			);
			dependencies = (
				5FD76A661E0E467C00BC9FBC /* PBXTargetDependency */,
			);
			name = DouYuZBTests;
			productName = DouYuZBTests;
			productReference = 5FD76A641E0E467C00BC9FBC /* DouYuZBTests.xctest */;
			productType = "com.apple.product-type.bundle.unit-test";
		};
		5FD76A6E1E0E467C00BC9FBC /* DouYuZBUITests */ = {
			isa = PBXNativeTarget;
			buildConfigurationList = 5FD76A7E1E0E467C00BC9FBC /* Build configuration list for PBXNativeTarget "DouYuZBUITests" */;
			buildPhases = (
				5FD76A6B1E0E467C00BC9FBC /* Sources */,
				5FD76A6C1E0E467C00BC9FBC /* Frameworks */,
				5FD76A6D1E0E467C00BC9FBC /* Resources */,
			);
			buildRules = (
			);
			dependencies = (
				5FD76A711E0E467C00BC9FBC /* PBXTargetDependency */,
			);
			name = DouYuZBUITests;
			productName = DouYuZBUITests;
			productReference = 5FD76A6F1E0E467C00BC9FBC /* DouYuZBUITests.xctest */;
			productType = "com.apple.product-type.bundle.ui-testing";
		};
/* End PBXNativeTarget section */

/* Begin PBXProject section */
		5FD76A481E0E467C00BC9FBC /* Project object */ = {
			isa = PBXProject;
			attributes = {
				LastSwiftUpdateCheck = 0800;
				LastUpgradeCheck = 0800;
				ORGANIZATIONNAME = yzz;
				TargetAttributes = {
					5FD76A4F1E0E467C00BC9FBC = {
						CreatedOnToolsVersion = 8.0;
						DevelopmentTeam = M973792H77;
						ProvisioningStyle = Automatic;
					};
					5FD76A631E0E467C00BC9FBC = {
						CreatedOnToolsVersion = 8.0;
						DevelopmentTeam = M973792H77;
						ProvisioningStyle = Automatic;
						TestTargetID = 5FD76A4F1E0E467C00BC9FBC;
					};
					5FD76A6E1E0E467C00BC9FBC = {
						CreatedOnToolsVersion = 8.0;
						DevelopmentTeam = M973792H77;
						ProvisioningStyle = Automatic;
						TestTargetID = 5FD76A4F1E0E467C00BC9FBC;
					};
				};
			};
			buildConfigurationList = 5FD76A4B1E0E467C00BC9FBC /* Build configuration list for PBXProject "DouYuZB" */;
			compatibilityVersion = "Xcode 3.2";
			developmentRegion = English;
			hasScannedForEncodings = 0;
			knownRegions = (
				en,
				Base,
			);
			mainGroup = 5FD76A471E0E467C00BC9FBC;
			productRefGroup = 5FD76A511E0E467C00BC9FBC /* Products */;
			projectDirPath = "";
			projectRoot = "";
			targets = (
				5FD76A4F1E0E467C00BC9FBC /* DouYuZB */,
				5FD76A631E0E467C00BC9FBC /* DouYuZBTests */,
				5FD76A6E1E0E467C00BC9FBC /* DouYuZBUITests */,
			);
		};
/* End PBXProject section */

/* Begin PBXResourcesBuildPhase section */
		5FD76A4E1E0E467C00BC9FBC /* Resources */ = {
			isa = PBXResourcesBuildPhase;
			buildActionMask = 2147483647;
			files = (
				5FD76A5E1E0E467C00BC9FBC /* LaunchScreen.storyboard in Resources */,
				5FD76A5B1E0E467C00BC9FBC /* Assets.xcassets in Resources */,
				5FD76A591E0E467C00BC9FBC /* Main.storyboard in Resources */,
				5FD76AB21E0E5D1000BC9FBC /* Live.storyboard in Resources */,
				5FD76ABC1E0E5E1000BC9FBC /* Follow.storyboard in Resources */,
				5FD76AAF1E0E5CEB00BC9FBC /* Home.storyboard in Resources */,
				5FD76AB71E0E5D3200BC9FBC /* Profile.storyboard in Resources */,
			);
			runOnlyForDeploymentPostprocessing = 0;
		};
		5FD76A621E0E467C00BC9FBC /* Resources */ = {
			isa = PBXResourcesBuildPhase;
			buildActionMask = 2147483647;
			files = (
			);
			runOnlyForDeploymentPostprocessing = 0;
		};
		5FD76A6D1E0E467C00BC9FBC /* Resources */ = {
			isa = PBXResourcesBuildPhase;
			buildActionMask = 2147483647;
			files = (
			);
			runOnlyForDeploymentPostprocessing = 0;
		};
/* End PBXResourcesBuildPhase section */

/* Begin PBXSourcesBuildPhase section */
		5FD76A4C1E0E467C00BC9FBC /* Sources */ = {
			isa = PBXSourcesBuildPhase;
			buildActionMask = 2147483647;
			files = (
				5FD76A541E0E467C00BC9FBC /* AppDelegate.swift in Sources */,
				5FD76A9E1E0E588100BC9FBC /* MainViewController.swift in Sources */,
				5FD76AC31E0E7F5100BC9FBC /* PageTitleView.swift in Sources */,
				5FD76AC11E0E65CC00BC9FBC /* UIBarButtonItem-Extension.swift in Sources */,
				5FD76AC51E0E812D00BC9FBC /* Common.swift in Sources */,
				5FD76ABE1E0E5E5100BC9FBC /* HomeViewController.swift in Sources */,
			);
			runOnlyForDeploymentPostprocessing = 0;
		};
		5FD76A601E0E467C00BC9FBC /* Sources */ = {
			isa = PBXSourcesBuildPhase;
			buildActionMask = 2147483647;
			files = (
				5FD76A691E0E467C00BC9FBC /* DouYuZBTests.swift in Sources */,
			);
			runOnlyForDeploymentPostprocessing = 0;
		};
		5FD76A6B1E0E467C00BC9FBC /* Sources */ = {
			isa = PBXSourcesBuildPhase;
			buildActionMask = 2147483647;
			files = (
				5FD76A741E0E467C00BC9FBC /* DouYuZBUITests.swift in Sources */,
			);
			runOnlyForDeploymentPostprocessing = 0;
		};
/* End PBXSourcesBuildPhase section */

/* Begin PBXTargetDependency section */
		5FD76A661E0E467C00BC9FBC /* PBXTargetDependency */ = {
			isa = PBXTargetDependency;
			target = 5FD76A4F1E0E467C00BC9FBC /* DouYuZB */;
			targetProxy = 5FD76A651E0E467C00BC9FBC /* PBXContainerItemProxy */;
		};
		5FD76A711E0E467C00BC9FBC /* PBXTargetDependency */ = {
			isa = PBXTargetDependency;
			target = 5FD76A4F1E0E467C00BC9FBC /* DouYuZB */;
			targetProxy = 5FD76A701E0E467C00BC9FBC /* PBXContainerItemProxy */;
		};
/* End PBXTargetDependency section */

/* Begin PBXVariantGroup section */
		5FD76A571E0E467C00BC9FBC /* Main.storyboard */ = {
			isa = PBXVariantGroup;
			children = (
				5FD76A581E0E467C00BC9FBC /* Base */,
			);
			name = Main.storyboard;
			path = ../../..;
			sourceTree = "<group>";
		};
		5FD76A5C1E0E467C00BC9FBC /* LaunchScreen.storyboard */ = {
			isa = PBXVariantGroup;
			children = (
				5FD76A5D1E0E467C00BC9FBC /* Base */,
			);
			name = LaunchScreen.storyboard;
			sourceTree = "<group>";
		};
		5FD76AAD1E0E5CEB00BC9FBC /* Home.storyboard */ = {
			isa = PBXVariantGroup;
			children = (
				5FD76AAE1E0E5CEB00BC9FBC /* Base */,
			);
			name = Home.storyboard;
			path = ../../Main/Controller;
			sourceTree = "<group>";
		};
		5FD76AB01E0E5D1000BC9FBC /* Live.storyboard */ = {
			isa = PBXVariantGroup;
			children = (
				5FD76AB11E0E5D1000BC9FBC /* Base */,
			);
			name = Live.storyboard;
			path = ../../Main/Controller;
			sourceTree = "<group>";
		};
		5FD76AB51E0E5D3200BC9FBC /* Profile.storyboard */ = {
			isa = PBXVariantGroup;
			children = (
				5FD76AB61E0E5D3200BC9FBC /* Base */,
			);
			name = Profile.storyboard;
			path = ../../Main/Controller;
			sourceTree = "<group>";
		};
/* End PBXVariantGroup section */

/* Begin XCBuildConfiguration section */
		5FD76A761E0E467C00BC9FBC /* Debug */ = {
			isa = XCBuildConfiguration;
			buildSettings = {
				ALWAYS_SEARCH_USER_PATHS = NO;
				CLANG_ANALYZER_NONNULL = YES;
				CLANG_CXX_LANGUAGE_STANDARD = "gnu++0x";
				CLANG_CXX_LIBRARY = "libc++";
				CLANG_ENABLE_MODULES = YES;
				CLANG_ENABLE_OBJC_ARC = YES;
				CLANG_WARN_BOOL_CONVERSION = YES;
				CLANG_WARN_CONSTANT_CONVERSION = YES;
				CLANG_WARN_DIRECT_OBJC_ISA_USAGE = YES_ERROR;
				CLANG_WARN_DOCUMENTATION_COMMENTS = YES;
				CLANG_WARN_EMPTY_BODY = YES;
				CLANG_WARN_ENUM_CONVERSION = YES;
				CLANG_WARN_INFINITE_RECURSION = YES;
				CLANG_WARN_INT_CONVERSION = YES;
				CLANG_WARN_OBJC_ROOT_CLASS = YES_ERROR;
				CLANG_WARN_SUSPICIOUS_MOVES = YES;
				CLANG_WARN_UNREACHABLE_CODE = YES;
				CLANG_WARN__DUPLICATE_METHOD_MATCH = YES;
				"CODE_SIGN_IDENTITY[sdk=iphoneos*]" = "iPhone Developer";
				COPY_PHASE_STRIP = NO;
				DEBUG_INFORMATION_FORMAT = dwarf;
				ENABLE_STRICT_OBJC_MSGSEND = YES;
				ENABLE_TESTABILITY = YES;
				GCC_C_LANGUAGE_STANDARD = gnu99;
				GCC_DYNAMIC_NO_PIC = NO;
				GCC_NO_COMMON_BLOCKS = YES;
				GCC_OPTIMIZATION_LEVEL = 0;
				GCC_PREPROCESSOR_DEFINITIONS = (
					"DEBUG=1",
					"$(inherited)",
				);
				GCC_WARN_64_TO_32_BIT_CONVERSION = YES;
				GCC_WARN_ABOUT_RETURN_TYPE = YES_ERROR;
				GCC_WARN_UNDECLARED_SELECTOR = YES;
				GCC_WARN_UNINITIALIZED_AUTOS = YES_AGGRESSIVE;
				GCC_WARN_UNUSED_FUNCTION = YES;
				GCC_WARN_UNUSED_VARIABLE = YES;
				IPHONEOS_DEPLOYMENT_TARGET = 10.0;
				MTL_ENABLE_DEBUG_INFO = YES;
				ONLY_ACTIVE_ARCH = YES;
				SDKROOT = iphoneos;
				SWIFT_ACTIVE_COMPILATION_CONDITIONS = DEBUG;
				SWIFT_OPTIMIZATION_LEVEL = "-Onone";
				TARGETED_DEVICE_FAMILY = "1,2";
			};
			name = Debug;
		};
		5FD76A771E0E467C00BC9FBC /* Release */ = {
			isa = XCBuildConfiguration;
			buildSettings = {
				ALWAYS_SEARCH_USER_PATHS = NO;
				CLANG_ANALYZER_NONNULL = YES;
				CLANG_CXX_LANGUAGE_STANDARD = "gnu++0x";
				CLANG_CXX_LIBRARY = "libc++";
				CLANG_ENABLE_MODULES = YES;
				CLANG_ENABLE_OBJC_ARC = YES;
				CLANG_WARN_BOOL_CONVERSION = YES;
				CLANG_WARN_CONSTANT_CONVERSION = YES;
				CLANG_WARN_DIRECT_OBJC_ISA_USAGE = YES_ERROR;
				CLANG_WARN_DOCUMENTATION_COMMENTS = YES;
				CLANG_WARN_EMPTY_BODY = YES;
				CLANG_WARN_ENUM_CONVERSION = YES;
				CLANG_WARN_INFINITE_RECURSION = YES;
				CLANG_WARN_INT_CONVERSION = YES;
				CLANG_WARN_OBJC_ROOT_CLASS = YES_ERROR;
				CLANG_WARN_SUSPICIOUS_MOVES = YES;
				CLANG_WARN_UNREACHABLE_CODE = YES;
				CLANG_WARN__DUPLICATE_METHOD_MATCH = YES;
				"CODE_SIGN_IDENTITY[sdk=iphoneos*]" = "iPhone Developer";
				COPY_PHASE_STRIP = NO;
				DEBUG_INFORMATION_FORMAT = "dwarf-with-dsym";
				ENABLE_NS_ASSERTIONS = NO;
				ENABLE_STRICT_OBJC_MSGSEND = YES;
				GCC_C_LANGUAGE_STANDARD = gnu99;
				GCC_NO_COMMON_BLOCKS = YES;
				GCC_WARN_64_TO_32_BIT_CONVERSION = YES;
				GCC_WARN_ABOUT_RETURN_TYPE = YES_ERROR;
				GCC_WARN_UNDECLARED_SELECTOR = YES;
				GCC_WARN_UNINITIALIZED_AUTOS = YES_AGGRESSIVE;
				GCC_WARN_UNUSED_FUNCTION = YES;
				GCC_WARN_UNUSED_VARIABLE = YES;
				IPHONEOS_DEPLOYMENT_TARGET = 10.0;
				MTL_ENABLE_DEBUG_INFO = NO;
				SDKROOT = iphoneos;
				SWIFT_OPTIMIZATION_LEVEL = "-Owholemodule";
				TARGETED_DEVICE_FAMILY = "1,2";
				VALIDATE_PRODUCT = YES;
			};
			name = Release;
		};
		5FD76A791E0E467C00BC9FBC /* Debug */ = {
			isa = XCBuildConfiguration;
			buildSettings = {
				ASSETCATALOG_COMPILER_APPICON_NAME = AppIcon;
				DEVELOPMENT_TEAM = M973792H77;
				INFOPLIST_FILE = DouYuZB/Info.plist;
				IPHONEOS_DEPLOYMENT_TARGET = 9.0;
				LD_RUNPATH_SEARCH_PATHS = "$(inherited) @executable_path/Frameworks";
				PRODUCT_BUNDLE_IDENTIFIER = yzz;
				PRODUCT_NAME = "$(TARGET_NAME)";
				SWIFT_VERSION = 3.0;
				TARGETED_DEVICE_FAMILY = 1;
			};
			name = Debug;
		};
		5FD76A7A1E0E467C00BC9FBC /* Release */ = {
			isa = XCBuildConfiguration;
			buildSettings = {
				ASSETCATALOG_COMPILER_APPICON_NAME = AppIcon;
				DEVELOPMENT_TEAM = M973792H77;
				INFOPLIST_FILE = DouYuZB/Info.plist;
				IPHONEOS_DEPLOYMENT_TARGET = 9.0;
				LD_RUNPATH_SEARCH_PATHS = "$(inherited) @executable_path/Frameworks";
				PRODUCT_BUNDLE_IDENTIFIER = yzz;
				PRODUCT_NAME = "$(TARGET_NAME)";
				SWIFT_VERSION = 3.0;
				TARGETED_DEVICE_FAMILY = 1;
			};
			name = Release;
		};
		5FD76A7C1E0E467C00BC9FBC /* Debug */ = {
			isa = XCBuildConfiguration;
			buildSettings = {
				ALWAYS_EMBED_SWIFT_STANDARD_LIBRARIES = YES;
				BUNDLE_LOADER = "$(TEST_HOST)";
				DEVELOPMENT_TEAM = M973792H77;
				INFOPLIST_FILE = DouYuZBTests/Info.plist;
				LD_RUNPATH_SEARCH_PATHS = "$(inherited) @executable_path/Frameworks @loader_path/Frameworks";
				PRODUCT_BUNDLE_IDENTIFIER = yzz.DouYuZBTests;
				PRODUCT_NAME = "$(TARGET_NAME)";
				SWIFT_VERSION = 3.0;
				TEST_HOST = "$(BUILT_PRODUCTS_DIR)/DouYuZB.app/DouYuZB";
			};
			name = Debug;
		};
		5FD76A7D1E0E467C00BC9FBC /* Release */ = {
			isa = XCBuildConfiguration;
			buildSettings = {
				ALWAYS_EMBED_SWIFT_STANDARD_LIBRARIES = YES;
				BUNDLE_LOADER = "$(TEST_HOST)";
				DEVELOPMENT_TEAM = M973792H77;
				INFOPLIST_FILE = DouYuZBTests/Info.plist;
				LD_RUNPATH_SEARCH_PATHS = "$(inherited) @executable_path/Frameworks @loader_path/Frameworks";
				PRODUCT_BUNDLE_IDENTIFIER = yzz.DouYuZBTests;
				PRODUCT_NAME = "$(TARGET_NAME)";
				SWIFT_VERSION = 3.0;
				TEST_HOST = "$(BUILT_PRODUCTS_DIR)/DouYuZB.app/DouYuZB";
			};
			name = Release;
		};
		5FD76A7F1E0E467C00BC9FBC /* Debug */ = {
			isa = XCBuildConfiguration;
			buildSettings = {
				ALWAYS_EMBED_SWIFT_STANDARD_LIBRARIES = YES;
				DEVELOPMENT_TEAM = M973792H77;
				INFOPLIST_FILE = DouYuZBUITests/Info.plist;
				LD_RUNPATH_SEARCH_PATHS = "$(inherited) @executable_path/Frameworks @loader_path/Frameworks";
				PRODUCT_BUNDLE_IDENTIFIER = yzz.DouYuZBUITests;
				PRODUCT_NAME = "$(TARGET_NAME)";
				SWIFT_VERSION = 3.0;
				TEST_TARGET_NAME = DouYuZB;
			};
			name = Debug;
		};
		5FD76A801E0E467C00BC9FBC /* Release */ = {
			isa = XCBuildConfiguration;
			buildSettings = {
				ALWAYS_EMBED_SWIFT_STANDARD_LIBRARIES = YES;
				DEVELOPMENT_TEAM = M973792H77;
				INFOPLIST_FILE = DouYuZBUITests/Info.plist;
				LD_RUNPATH_SEARCH_PATHS = "$(inherited) @executable_path/Frameworks @loader_path/Frameworks";
				PRODUCT_BUNDLE_IDENTIFIER = yzz.DouYuZBUITests;
				PRODUCT_NAME = "$(TARGET_NAME)";
				SWIFT_VERSION = 3.0;
				TEST_TARGET_NAME = DouYuZB;
			};
			name = Release;
		};
/* End XCBuildConfiguration section */

/* Begin XCConfigurationList section */
		5FD76A4B1E0E467C00BC9FBC /* Build configuration list for PBXProject "DouYuZB" */ = {
			isa = XCConfigurationList;
			buildConfigurations = (
				5FD76A761E0E467C00BC9FBC /* Debug */,
				5FD76A771E0E467C00BC9FBC /* Release */,
			);
			defaultConfigurationIsVisible = 0;
			defaultConfigurationName = Release;
		};
		5FD76A781E0E467C00BC9FBC /* Build configuration list for PBXNativeTarget "DouYuZB" */ = {
			isa = XCConfigurationList;
			buildConfigurations = (
				5FD76A791E0E467C00BC9FBC /* Debug */,
				5FD76A7A1E0E467C00BC9FBC /* Release */,
			);
			defaultConfigurationIsVisible = 0;
			defaultConfigurationName = Release;
		};
		5FD76A7B1E0E467C00BC9FBC /* Build configuration list for PBXNativeTarget "DouYuZBTests" */ = {
			isa = XCConfigurationList;
			buildConfigurations = (
				5FD76A7C1E0E467C00BC9FBC /* Debug */,
				5FD76A7D1E0E467C00BC9FBC /* Release */,
			);
			defaultConfigurationIsVisible = 0;
			defaultConfigurationName = Release;
		};
		5FD76A7E1E0E467C00BC9FBC /* Build configuration list for PBXNativeTarget "DouYuZBUITests" */ = {
			isa = XCConfigurationList;
			buildConfigurations = (
				5FD76A7F1E0E467C00BC9FBC /* Debug */,
				5FD76A801E0E467C00BC9FBC /* Release */,
			);
			defaultConfigurationIsVisible = 0;
			defaultConfigurationName = Release;
		};
/* End XCConfigurationList section */
	};
	rootObject = 5FD76A481E0E467C00BC9FBC /* Project object */;
}
